
Microsoft Visual Studio Solution File, Format Version 12.00
# Visual Studio 15
Project("{FAE04EC0-301F-11D3-BF4B-00C04F79EFBC}") = "Assembly-CSharp", "Assembly-CSharp.csproj", "{654B3A2B-D52C-5FBC-0BA8-5D428D1DB22D}"
EndProject
Global
	GlobalSection(SolutionConfigurationPlatforms) = preSolution
		Debug|Any CPU = Debug|Any CPU
		Release|Any CPU = Release|Any CPU
	EndGlobalSection
	GlobalSection(ProjectConfigurationPlatforms) = postSolution
		{654B3A2B-D52C-5FBC-0BA8-5D428D1DB22D}.Debug|Any CPU.ActiveCfg = Debug|Any CPU
		{654B3A2B-D52C-5FBC-0BA8-5D428D1DB22D}.Debug|Any CPU.Build.0 = Debug|Any CPU
		{654B3A2B-D52C-5FBC-0BA8-5D428D1DB22D}.Release|Any CPU.ActiveCfg = Release|Any CPU
		{654B3A2B-D52C-5FBC-0BA8-5D428D1DB22D}.Release|Any CPU.Build.0 = Release|Any CPU
	EndGlobalSection
	GlobalSection(SolutionProperties) = preSolution
		HideSolutionNode = FALSE
	EndGlobalSection
EndGlobal
